
Microsoft Visual Studio Solution File, Format Version 12.00
Project("{FAE04EC0-301F-11D3-BF4B-00C04F79EFBC}") = "ProjSkiaSharp", "ProjSkiaSharp\ProjSkiaSharp.csproj", "{91ED2DDC-68C9-454C-8994-3B1DA9A7010E}"
EndProject
Global
	GlobalSection(SolutionConfigurationPlatforms) = preSolution
		Debug|Any CPU = Debug|Any CPU
		Release|Any CPU = Release|Any CPU
	EndGlobalSection
	GlobalSection(ProjectConfigurationPlatforms) = postSolution
		{91ED2DDC-68C9-454C-8994-3B1DA9A7010E}.Debug|Any CPU.ActiveCfg = Debug|Any CPU
		{91ED2DDC-68C9-454C-8994-3B1DA9A7010E}.Debug|Any CPU.Build.0 = Debug|Any CPU
		{91ED2DDC-68C9-454C-8994-3B1DA9A7010E}.Release|Any CPU.ActiveCfg = Release|Any CPU
		{91ED2DDC-68C9-454C-8994-3B1DA9A7010E}.Release|Any CPU.Build.0 = Release|Any CPU
	EndGlobalSection
EndGlobal
